PODS:
  - Alamofire (5.0.0-rc.3)
  - GoogleMaps (3.6.0):
    - GoogleMaps/Maps (= 3.6.0)
  - GoogleMaps/Base (3.6.0)
  - GoogleMaps/Maps (3.6.0):
    - GoogleMaps/Base

DEPENDENCIES:
  - Alamofire (= 5.0.0-rc.3)
  - GoogleMaps

SPEC REPOS:
  https://github.com/CocoaPods/Specs.git:
    - Alamofire
    - GoogleMaps

SPEC CHECKSUMS:
  Alamofire: ca8c0de6906873be89d6deec5c8de279e00bf872
  GoogleMaps: 82f8fe307193bb4de6ef6bf9e88f1d624b718f9d

PODFILE CHECKSUM: 625e91bd1e69a387640293095e599a7c53d2d5a8

COCOAPODS: 1.8.3
