// !$*UTF8*$!
{
	archiveVersion = 1;
	classes = {
	};
	objectVersion = 51;
	objects = {

/* Begin PBXBuildFile section */
		0862CD45238DF24300B9872B /* AppDelegate.swift in Sources */ = {isa = PBXBuildFile; fileRef = 0862CD44238DF24300B9872B /* AppDelegate.swift */; };
		0862CD47238DF24300B9872B /* SceneDelegate.swift in Sources */ = {isa = PBXBuildFile; fileRef = 0862CD46238DF24300B9872B /* SceneDelegate.swift */; };
		0862CD4C238DF24300B9872B /* Main.storyboard in Resources */ = {isa = PBXBuildFile; fileRef = 0862CD4A238DF24300B9872B /* Main.storyboard */; };
		0862CD4E238DF24500B9872B /* Assets.xcassets in Resources */ = {isa = PBXBuildFile; fileRef = 0862CD4D238DF24500B9872B /* Assets.xcassets */; };
		0862CD51238DF24500B9872B /* LaunchScreen.storyboard in Resources */ = {isa = PBXBuildFile; fileRef = 0862CD4F238DF24500B9872B /* LaunchScreen.storyboard */; };
		0862CD63238E048800B9872B /* MapViewController.swift in Sources */ = {isa = PBXBuildFile; fileRef = 0862CD62238E048800B9872B /* MapViewController.swift */; };
		08BCBE48238EBBD00022B8D2 /* ChargingLocationRaw.swift in Sources */ = {isa = PBXBuildFile; fileRef = 08BCBE47238EBBD00022B8D2 /* ChargingLocationRaw.swift */; };
		08BCBE4A238EBC190022B8D2 /* Connector.swift in Sources */ = {isa = PBXBuildFile; fileRef = 08BCBE49238EBC190022B8D2 /* Connector.swift */; };
		08BCBE4C238EBC790022B8D2 /* Parking.swift in Sources */ = {isa = PBXBuildFile; fileRef = 08BCBE4B238EBC790022B8D2 /* Parking.swift */; };
		08BCBE4E238EBCCE0022B8D2 /* CoordinatesRaw.swift in Sources */ = {isa = PBXBuildFile; fileRef = 08BCBE4D238EBCCE0022B8D2 /* CoordinatesRaw.swift */; };
		08BCBE51238EBD620022B8D2 /* EvseStatuses.swift in Sources */ = {isa = PBXBuildFile; fileRef = 08BCBE50238EBD620022B8D2 /* EvseStatuses.swift */; };
		08BCBE53238EBD9F0022B8D2 /* OpeningHours.swift in Sources */ = {isa = PBXBuildFile; fileRef = 08BCBE52238EBD9F0022B8D2 /* OpeningHours.swift */; };
		08BCBE55238EBDC00022B8D2 /* Period.swift in Sources */ = {isa = PBXBuildFile; fileRef = 08BCBE54238EBDC00022B8D2 /* Period.swift */; };
		08BCBE57238EBDEF0022B8D2 /* Photo.swift in Sources */ = {isa = PBXBuildFile; fileRef = 08BCBE56238EBDEF0022B8D2 /* Photo.swift */; };
		08BCBE5C238EC4E00022B8D2 /* ChargingLocationApi.swift in Sources */ = {isa = PBXBuildFile; fileRef = 08BCBE5B238EC4E00022B8D2 /* ChargingLocationApi.swift */; };
		08BCBE5F238EC6B80022B8D2 /* ChargingLocationApiImpl.swift in Sources */ = {isa = PBXBuildFile; fileRef = 08BCBE5E238EC6B80022B8D2 /* ChargingLocationApiImpl.swift */; };
		08BCBE64238ED20B0022B8D2 /* ApiRouter.swift in Sources */ = {isa = PBXBuildFile; fileRef = 08BCBE63238ED20B0022B8D2 /* ApiRouter.swift */; };
		08BCBE68238ED4BD0022B8D2 /* Constants.swift in Sources */ = {isa = PBXBuildFile; fileRef = 08BCBE67238ED4BD0022B8D2 /* Constants.swift */; };
		08BCBE6A238EE7BF0022B8D2 /* ChargingLocationPoint.swift in Sources */ = {isa = PBXBuildFile; fileRef = 08BCBE69238EE7BF0022B8D2 /* ChargingLocationPoint.swift */; };
		08DC2BB6238F049500E255B5 /* MapViewPresenter.swift in Sources */ = {isa = PBXBuildFile; fileRef = 08DC2BB5238F049500E255B5 /* MapViewPresenter.swift */; };
		08DC2BB8238F04DB00E255B5 /* MapViewPresenterImpl.swift in Sources */ = {isa = PBXBuildFile; fileRef = 08DC2BB7238F04DB00E255B5 /* MapViewPresenterImpl.swift */; };
		08DC2BBA238F053B00E255B5 /* MapScreenView.swift in Sources */ = {isa = PBXBuildFile; fileRef = 08DC2BB9238F053B00E255B5 /* MapScreenView.swift */; };
		D93D747E19BA3F80B7850690 /* libPods-taugreentest-ios.a in Frameworks */ = {isa = PBXBuildFile; fileRef = 2B3B40EAD4568A746B72FCA4 /* libPods-taugreentest-ios.a */; };
/* End PBXBuildFile section */

/* Begin PBXFileReference section */
		0862CD41238DF24300B9872B /* taugreentest-ios.app */ = {isa = PBXFileReference; explicitFileType = wrapper.application; includeInIndex = 0; path = "taugreentest-ios.app"; sourceTree = BUILT_PRODUCTS_DIR; };
		0862CD44238DF24300B9872B /* AppDelegate.swift */ = {isa = PBXFileReference; lastKnownFileType = sourcecode.swift; path = AppDelegate.swift; sourceTree = "<group>"; };
		0862CD46238DF24300B9872B /* SceneDelegate.swift */ = {isa = PBXFileReference; lastKnownFileType = sourcecode.swift; path = SceneDelegate.swift; sourceTree = "<group>"; };
		0862CD4B238DF24300B9872B /* Base */ = {isa = PBXFileReference; lastKnownFileType = file.storyboard; name = Base; path = Base.lproj/Main.storyboard; sourceTree = "<group>"; };
		0862CD4D238DF24500B9872B /* Assets.xcassets */ = {isa = PBXFileReference; lastKnownFileType = folder.assetcatalog; path = Assets.xcassets; sourceTree = "<group>"; };
		0862CD50238DF24500B9872B /* Base */ = {isa = PBXFileReference; lastKnownFileType = file.storyboard; name = Base; path = Base.lproj/LaunchScreen.storyboard; sourceTree = "<group>"; };
		0862CD52238DF24500B9872B /* Info.plist */ = {isa = PBXFileReference; lastKnownFileType = text.plist.xml; path = Info.plist; sourceTree = "<group>"; };
		0862CD62238E048800B9872B /* MapViewController.swift */ = {isa = PBXFileReference; lastKnownFileType = sourcecode.swift; path = MapViewController.swift; sourceTree = "<group>"; };
		08BCBE47238EBBD00022B8D2 /* ChargingLocationRaw.swift */ = {isa = PBXFileReference; lastKnownFileType = sourcecode.swift; path = ChargingLocationRaw.swift; sourceTree = "<group>"; };
		08BCBE49238EBC190022B8D2 /* Connector.swift */ = {isa = PBXFileReference; lastKnownFileType = sourcecode.swift; path = Connector.swift; sourceTree = "<group>"; };
		08BCBE4B238EBC790022B8D2 /* Parking.swift */ = {isa = PBXFileReference; lastKnownFileType = sourcecode.swift; path = Parking.swift; sourceTree = "<group>"; };
		08BCBE4D238EBCCE0022B8D2 /* CoordinatesRaw.swift */ = {isa = PBXFileReference; lastKnownFileType = sourcecode.swift; path = CoordinatesRaw.swift; sourceTree = "<group>"; };
		08BCBE50238EBD620022B8D2 /* EvseStatuses.swift */ = {isa = PBXFileReference; lastKnownFileType = sourcecode.swift; path = EvseStatuses.swift; sourceTree = "<group>"; };
		08BCBE52238EBD9F0022B8D2 /* OpeningHours.swift */ = {isa = PBXFileReference; lastKnownFileType = sourcecode.swift; path = OpeningHours.swift; sourceTree = "<group>"; };
		08BCBE54238EBDC00022B8D2 /* Period.swift */ = {isa = PBXFileReference; lastKnownFileType = sourcecode.swift; path = Period.swift; sourceTree = "<group>"; };
		08BCBE56238EBDEF0022B8D2 /* Photo.swift */ = {isa = PBXFileReference; lastKnownFileType = sourcecode.swift; path = Photo.swift; sourceTree = "<group>"; };
		08BCBE5B238EC4E00022B8D2 /* ChargingLocationApi.swift */ = {isa = PBXFileReference; lastKnownFileType = sourcecode.swift; path = ChargingLocationApi.swift; sourceTree = "<group>"; };
		08BCBE5E238EC6B80022B8D2 /* ChargingLocationApiImpl.swift */ = {isa = PBXFileReference; lastKnownFileType = sourcecode.swift; path = ChargingLocationApiImpl.swift; sourceTree = "<group>"; };
		08BCBE63238ED20B0022B8D2 /* ApiRouter.swift */ = {isa = PBXFileReference; lastKnownFileType = sourcecode.swift; path = ApiRouter.swift; sourceTree = "<group>"; };
		08BCBE67238ED4BD0022B8D2 /* Constants.swift */ = {isa = PBXFileReference; lastKnownFileType = sourcecode.swift; path = Constants.swift; sourceTree = "<group>"; };
		08BCBE69238EE7BF0022B8D2 /* ChargingLocationPoint.swift */ = {isa = PBXFileReference; lastKnownFileType = sourcecode.swift; path = ChargingLocationPoint.swift; sourceTree = "<group>"; };
		08DC2BB5238F049500E255B5 /* MapViewPresenter.swift */ = {isa = PBXFileReference; lastKnownFileType = sourcecode.swift; path = MapViewPresenter.swift; sourceTree = "<group>"; };
		08DC2BB7238F04DB00E255B5 /* MapViewPresenterImpl.swift */ = {isa = PBXFileReference; lastKnownFileType = sourcecode.swift; path = MapViewPresenterImpl.swift; sourceTree = "<group>"; };
		08DC2BB9238F053B00E255B5 /* MapScreenView.swift */ = {isa = PBXFileReference; lastKnownFileType = sourcecode.swift; path = MapScreenView.swift; sourceTree = "<group>"; };
		14FA37EFA1E5F86C2F212B5B /* Pods-taugreentest-ios.release.xcconfig */ = {isa = PBXFileReference; includeInIndex = 1; lastKnownFileType = text.xcconfig; name = "Pods-taugreentest-ios.release.xcconfig"; path = "Target Support Files/Pods-taugreentest-ios/Pods-taugreentest-ios.release.xcconfig"; sourceTree = "<group>"; };
		2B3B40EAD4568A746B72FCA4 /* libPods-taugreentest-ios.a */ = {isa = PBXFileReference; explicitFileType = archive.ar; includeInIndex = 0; path = "libPods-taugreentest-ios.a"; sourceTree = BUILT_PRODUCTS_DIR; };
		A030C98E2AB122AE904D8E17 /* Pods-taugreentest-ios.debug.xcconfig */ = {isa = PBXFileReference; includeInIndex = 1; lastKnownFileType = text.xcconfig; name = "Pods-taugreentest-ios.debug.xcconfig"; path = "Target Support Files/Pods-taugreentest-ios/Pods-taugreentest-ios.debug.xcconfig"; sourceTree = "<group>"; };
/* End PBXFileReference section */

/* Begin PBXFrameworksBuildPhase section */
		0862CD3E238DF24300B9872B /* Frameworks */ = {
			isa = PBXFrameworksBuildPhase;
			buildActionMask = 2147483647;
			files = (
				D93D747E19BA3F80B7850690 /* libPods-taugreentest-ios.a in Frameworks */,
			);
			runOnlyForDeploymentPostprocessing = 0;
		};
/* End PBXFrameworksBuildPhase section */

/* Begin PBXGroup section */
		0862CD38238DF24300B9872B = {
			isa = PBXGroup;
			children = (
				0862CD43238DF24300B9872B /* taugreentest-ios */,
				0862CD42238DF24300B9872B /* Products */,
				20C01AB42B5C9FDB36BB6D94 /* Pods */,
				0D828C6A4E033AEF5A105783 /* Frameworks */,
			);
			sourceTree = "<group>";
		};
		0862CD42238DF24300B9872B /* Products */ = {
			isa = PBXGroup;
			children = (
				0862CD41238DF24300B9872B /* taugreentest-ios.app */,
			);
			name = Products;
			sourceTree = "<group>";
		};
		0862CD43238DF24300B9872B /* taugreentest-ios */ = {
			isa = PBXGroup;
			children = (
				0862CD59238DF25A00B9872B /* mainscreen */,
				0862CD58238DF24D00B9872B /* common */,
				0862CD4D238DF24500B9872B /* Assets.xcassets */,
				0862CD4F238DF24500B9872B /* LaunchScreen.storyboard */,
				0862CD52238DF24500B9872B /* Info.plist */,
			);
			path = "taugreentest-ios";
			sourceTree = "<group>";
		};
		0862CD58238DF24D00B9872B /* common */ = {
			isa = PBXGroup;
			children = (
				08BCBE6B238EE86D0022B8D2 /* networking */,
				08BCBE65238ED4940022B8D2 /* data */,
				0862CD60238DF2FF00B9872B /* app */,
			);
			path = common;
			sourceTree = "<group>";
		};
		0862CD59238DF25A00B9872B /* mainscreen */ = {
			isa = PBXGroup;
			children = (
				0862CD61238DF30F00B9872B /* model */,
				0862CD5D238DF2C600B9872B /* mapview */,
				0862CD5A238DF27F00B9872B /* view */,
			);
			path = mainscreen;
			sourceTree = "<group>";
		};
		0862CD5A238DF27F00B9872B /* view */ = {
			isa = PBXGroup;
			children = (
				0862CD4A238DF24300B9872B /* Main.storyboard */,
			);
			path = view;
			sourceTree = "<group>";
		};
		0862CD5D238DF2C600B9872B /* mapview */ = {
			isa = PBXGroup;
			children = (
				0862CD5F238DF2DC00B9872B /* presenter */,
				0862CD5E238DF2D000B9872B /* view */,
			);
			path = mapview;
			sourceTree = "<group>";
		};
		0862CD5E238DF2D000B9872B /* view */ = {
			isa = PBXGroup;
			children = (
				0862CD62238E048800B9872B /* MapViewController.swift */,
				08DC2BB9238F053B00E255B5 /* MapScreenView.swift */,
			);
			path = view;
			sourceTree = "<group>";
		};
		0862CD5F238DF2DC00B9872B /* presenter */ = {
			isa = PBXGroup;
			children = (
				08DC2BB5238F049500E255B5 /* MapViewPresenter.swift */,
				08DC2BB7238F04DB00E255B5 /* MapViewPresenterImpl.swift */,
			);
			path = presenter;
			sourceTree = "<group>";
		};
		0862CD60238DF2FF00B9872B /* app */ = {
			isa = PBXGroup;
			children = (
				0862CD44238DF24300B9872B /* AppDelegate.swift */,
				0862CD46238DF24300B9872B /* SceneDelegate.swift */,
			);
			path = app;
			sourceTree = "<group>";
		};
		0862CD61238DF30F00B9872B /* model */ = {
			isa = PBXGroup;
			children = (
				08BCBE45238EBBAB0022B8D2 /* networking */,
			);
			path = model;
			sourceTree = "<group>";
		};
		08BCBE45238EBBAB0022B8D2 /* networking */ = {
			isa = PBXGroup;
			children = (
				08BCBE46238EBBC00022B8D2 /* data */,
				08BCBE5B238EC4E00022B8D2 /* ChargingLocationApi.swift */,
				08BCBE5E238EC6B80022B8D2 /* ChargingLocationApiImpl.swift */,
			);
			path = networking;
			sourceTree = "<group>";
		};
		08BCBE46238EBBC00022B8D2 /* data */ = {
			isa = PBXGroup;
			children = (
				08BCBE47238EBBD00022B8D2 /* ChargingLocationRaw.swift */,
				08BCBE49238EBC190022B8D2 /* Connector.swift */,
				08BCBE4B238EBC790022B8D2 /* Parking.swift */,
				08BCBE4D238EBCCE0022B8D2 /* CoordinatesRaw.swift */,
				08BCBE50238EBD620022B8D2 /* EvseStatuses.swift */,
				08BCBE52238EBD9F0022B8D2 /* OpeningHours.swift */,
				08BCBE54238EBDC00022B8D2 /* Period.swift */,
				08BCBE56238EBDEF0022B8D2 /* Photo.swift */,
				08BCBE69238EE7BF0022B8D2 /* ChargingLocationPoint.swift */,
			);
			path = data;
			sourceTree = "<group>";
		};
		08BCBE65238ED4940022B8D2 /* data */ = {
			isa = PBXGroup;
			children = (
				08BCBE67238ED4BD0022B8D2 /* Constants.swift */,
			);
			path = data;
			sourceTree = "<group>";
		};
		08BCBE6B238EE86D0022B8D2 /* networking */ = {
			isa = PBXGroup;
			children = (
				08BCBE63238ED20B0022B8D2 /* ApiRouter.swift */,
			);
			path = networking;
			sourceTree = "<group>";
		};
		0D828C6A4E033AEF5A105783 /* Frameworks */ = {
			isa = PBXGroup;
			children = (
				2B3B40EAD4568A746B72FCA4 /* libPods-taugreentest-ios.a */,
			);
			name = Frameworks;
			sourceTree = "<group>";
		};
		20C01AB42B5C9FDB36BB6D94 /* Pods */ = {
			isa = PBXGroup;
			children = (
				A030C98E2AB122AE904D8E17 /* Pods-taugreentest-ios.debug.xcconfig */,
				14FA37EFA1E5F86C2F212B5B /* Pods-taugreentest-ios.release.xcconfig */,
			);
			path = Pods;
			sourceTree = "<group>";
		};
/* End PBXGroup section */

/* Begin PBXNativeTarget section */
		0862CD40238DF24300B9872B /* taugreentest-ios */ = {
			isa = PBXNativeTarget;
			buildConfigurationList = 0862CD55238DF24500B9872B /* Build configuration list for PBXNativeTarget "taugreentest-ios" */;
			buildPhases = (
				E7EB999F241468876EC90994 /* [CP] Check Pods Manifest.lock */,
				0862CD3D238DF24300B9872B /* Sources */,
				0862CD3E238DF24300B9872B /* Frameworks */,
				0862CD3F238DF24300B9872B /* Resources */,
				10F56D77150AFDE805DA18ED /* [CP] Copy Pods Resources */,
			);
			buildRules = (
			);
			dependencies = (
			);
			name = "taugreentest-ios";
			productName = "taugreentest-ios";
			productReference = 0862CD41238DF24300B9872B /* taugreentest-ios.app */;
			productType = "com.apple.product-type.application";
		};
/* End PBXNativeTarget section */

/* Begin PBXProject section */
		0862CD39238DF24300B9872B /* Project object */ = {
			isa = PBXProject;
			attributes = {
				LastSwiftUpdateCheck = 1120;
				LastUpgradeCheck = 1120;
				ORGANIZATIONNAME = "Maxim Dymnov";
				TargetAttributes = {
					0862CD40238DF24300B9872B = {
						CreatedOnToolsVersion = 11.2.1;
					};
				};
			};
			buildConfigurationList = 0862CD3C238DF24300B9872B /* Build configuration list for PBXProject "taugreentest-ios" */;
			compatibilityVersion = "Xcode 9.3";
			developmentRegion = en;
			hasScannedForEncodings = 0;
			knownRegions = (
				en,
				Base,
			);
			mainGroup = 0862CD38238DF24300B9872B;
			productRefGroup = 0862CD42238DF24300B9872B /* Products */;
			projectDirPath = "";
			projectRoot = "";
			targets = (
				0862CD40238DF24300B9872B /* taugreentest-ios */,
			);
		};
/* End PBXProject section */

/* Begin PBXResourcesBuildPhase section */
		0862CD3F238DF24300B9872B /* Resources */ = {
			isa = PBXResourcesBuildPhase;
			buildActionMask = 2147483647;
			files = (
				0862CD51238DF24500B9872B /* LaunchScreen.storyboard in Resources */,
				0862CD4E238DF24500B9872B /* Assets.xcassets in Resources */,
				0862CD4C238DF24300B9872B /* Main.storyboard in Resources */,
			);
			runOnlyForDeploymentPostprocessing = 0;
		};
/* End PBXResourcesBuildPhase section */

/* Begin PBXShellScriptBuildPhase section */
		10F56D77150AFDE805DA18ED /* [CP] Copy Pods Resources */ = {
			isa = PBXShellScriptBuildPhase;
			buildActionMask = 2147483647;
			files = (
			);
			inputFileListPaths = (
				"${PODS_ROOT}/Target Support Files/Pods-taugreentest-ios/Pods-taugreentest-ios-resources-${CONFIGURATION}-input-files.xcfilelist",
			);
			name = "[CP] Copy Pods Resources";
			outputFileListPaths = (
				"${PODS_ROOT}/Target Support Files/Pods-taugreentest-ios/Pods-taugreentest-ios-resources-${CONFIGURATION}-output-files.xcfilelist",
			);
			runOnlyForDeploymentPostprocessing = 0;
			shellPath = /bin/sh;
			shellScript = "\"${PODS_ROOT}/Target Support Files/Pods-taugreentest-ios/Pods-taugreentest-ios-resources.sh\"\n";
			showEnvVarsInLog = 0;
		};
		E7EB999F241468876EC90994 /* [CP] Check Pods Manifest.lock */ = {
			isa = PBXShellScriptBuildPhase;
			buildActionMask = 2147483647;
			files = (
			);
			inputFileListPaths = (
			);
			inputPaths = (
				"${PODS_PODFILE_DIR_PATH}/Podfile.lock",
				"${PODS_ROOT}/Manifest.lock",
			);
			name = "[CP] Check Pods Manifest.lock";
			outputFileListPaths = (
			);
			outputPaths = (
				"$(DERIVED_FILE_DIR)/Pods-taugreentest-ios-checkManifestLockResult.txt",
			);
			runOnlyForDeploymentPostprocessing = 0;
			shellPath = /bin/sh;
			shellScript = "diff \"${PODS_PODFILE_DIR_PATH}/Podfile.lock\" \"${PODS_ROOT}/Manifest.lock\" > /dev/null\nif [ $? != 0 ] ; then\n    # print error to STDERR\n    echo \"error: The sandbox is not in sync with the Podfile.lock. Run 'pod install' or update your CocoaPods installation.\" >&2\n    exit 1\nfi\n# This output is used by Xcode 'outputs' to avoid re-running this script phase.\necho \"SUCCESS\" > \"${SCRIPT_OUTPUT_FILE_0}\"\n";
			showEnvVarsInLog = 0;
		};
/* End PBXShellScriptBuildPhase section */

/* Begin PBXSourcesBuildPhase section */
		0862CD3D238DF24300B9872B /* Sources */ = {
			isa = PBXSourcesBuildPhase;
			buildActionMask = 2147483647;
			files = (
				08BCBE55238EBDC00022B8D2 /* Period.swift in Sources */,
				08DC2BBA238F053B00E255B5 /* MapScreenView.swift in Sources */,
				0862CD45238DF24300B9872B /* AppDelegate.swift in Sources */,
				08BCBE4A238EBC190022B8D2 /* Connector.swift in Sources */,
				0862CD63238E048800B9872B /* MapViewController.swift in Sources */,
				08BCBE5F238EC6B80022B8D2 /* ChargingLocationApiImpl.swift in Sources */,
				08BCBE68238ED4BD0022B8D2 /* Constants.swift in Sources */,
				08BCBE5C238EC4E00022B8D2 /* ChargingLocationApi.swift in Sources */,
				08BCBE4E238EBCCE0022B8D2 /* CoordinatesRaw.swift in Sources */,
				08BCBE51238EBD620022B8D2 /* EvseStatuses.swift in Sources */,
				08DC2BB6238F049500E255B5 /* MapViewPresenter.swift in Sources */,
				08BCBE48238EBBD00022B8D2 /* ChargingLocationRaw.swift in Sources */,
				08BCBE57238EBDEF0022B8D2 /* Photo.swift in Sources */,
				08DC2BB8238F04DB00E255B5 /* MapViewPresenterImpl.swift in Sources */,
				0862CD47238DF24300B9872B /* SceneDelegate.swift in Sources */,
				08BCBE6A238EE7BF0022B8D2 /* ChargingLocationPoint.swift in Sources */,
				08BCBE53238EBD9F0022B8D2 /* OpeningHours.swift in Sources */,
				08BCBE4C238EBC790022B8D2 /* Parking.swift in Sources */,
				08BCBE64238ED20B0022B8D2 /* ApiRouter.swift in Sources */,
			);
			runOnlyForDeploymentPostprocessing = 0;
		};
/* End PBXSourcesBuildPhase section */

/* Begin PBXVariantGroup section */
		0862CD4A238DF24300B9872B /* Main.storyboard */ = {
			isa = PBXVariantGroup;
			children = (
				0862CD4B238DF24300B9872B /* Base */,
			);
			name = Main.storyboard;
			sourceTree = "<group>";
		};
		0862CD4F238DF24500B9872B /* LaunchScreen.storyboard */ = {
			isa = PBXVariantGroup;
			children = (
				0862CD50238DF24500B9872B /* Base */,
			);
			name = LaunchScreen.storyboard;
			sourceTree = "<group>";
		};
/* End PBXVariantGroup section */

/* Begin XCBuildConfiguration section */
		0862CD53238DF24500B9872B /* Debug */ = {
			isa = XCBuildConfiguration;
			buildSettings = {
				ALWAYS_SEARCH_USER_PATHS = NO;
				CLANG_ANALYZER_NONNULL = YES;
				CLANG_ANALYZER_NUMBER_OBJECT_CONVERSION = YES_AGGRESSIVE;
				CLANG_CXX_LANGUAGE_STANDARD = "gnu++14";
				CLANG_CXX_LIBRARY = "libc++";
				CLANG_ENABLE_MODULES = YES;
				CLANG_ENABLE_OBJC_ARC = YES;
				CLANG_ENABLE_OBJC_WEAK = YES;
				CLANG_WARN_BLOCK_CAPTURE_AUTORELEASING = YES;
				CLANG_WARN_BOOL_CONVERSION = YES;
				CLANG_WARN_COMMA = YES;
				CLANG_WARN_CONSTANT_CONVERSION = YES;
				CLANG_WARN_DEPRECATED_OBJC_IMPLEMENTATIONS = YES;
				CLANG_WARN_DIRECT_OBJC_ISA_USAGE = YES_ERROR;
				CLANG_WARN_DOCUMENTATION_COMMENTS = YES;
				CLANG_WARN_EMPTY_BODY = YES;
				CLANG_WARN_ENUM_CONVERSION = YES;
				CLANG_WARN_INFINITE_RECURSION = YES;
				CLANG_WARN_INT_CONVERSION = YES;
				CLANG_WARN_NON_LITERAL_NULL_CONVERSION = YES;
				CLANG_WARN_OBJC_IMPLICIT_RETAIN_SELF = YES;
				CLANG_WARN_OBJC_LITERAL_CONVERSION = YES;
				CLANG_WARN_OBJC_ROOT_CLASS = YES_ERROR;
				CLANG_WARN_RANGE_LOOP_ANALYSIS = YES;
				CLANG_WARN_STRICT_PROTOTYPES = YES;
				CLANG_WARN_SUSPICIOUS_MOVE = YES;
				CLANG_WARN_UNGUARDED_AVAILABILITY = YES_AGGRESSIVE;
				CLANG_WARN_UNREACHABLE_CODE = YES;
				CLANG_WARN__DUPLICATE_METHOD_MATCH = YES;
				COPY_PHASE_STRIP = NO;
				DEBUG_INFORMATION_FORMAT = dwarf;
				ENABLE_STRICT_OBJC_MSGSEND = YES;
				ENABLE_TESTABILITY = YES;
				GCC_C_LANGUAGE_STANDARD = gnu11;
				GCC_DYNAMIC_NO_PIC = NO;
				GCC_NO_COMMON_BLOCKS = YES;
				GCC_OPTIMIZATION_LEVEL = 0;
				GCC_PREPROCESSOR_DEFINITIONS = (
					"DEBUG=1",
					"$(inherited)",
				);
				GCC_WARN_64_TO_32_BIT_CONVERSION = YES;
				GCC_WARN_ABOUT_RETURN_TYPE = YES_ERROR;
				GCC_WARN_UNDECLARED_SELECTOR = YES;
				GCC_WARN_UNINITIALIZED_AUTOS = YES_AGGRESSIVE;
				GCC_WARN_UNUSED_FUNCTION = YES;
				GCC_WARN_UNUSED_VARIABLE = YES;
				IPHONEOS_DEPLOYMENT_TARGET = 13.2;
				MTL_ENABLE_DEBUG_INFO = INCLUDE_SOURCE;
				MTL_FAST_MATH = YES;
				ONLY_ACTIVE_ARCH = YES;
				SDKROOT = iphoneos;
				SWIFT_ACTIVE_COMPILATION_CONDITIONS = DEBUG;
				SWIFT_OPTIMIZATION_LEVEL = "-Onone";
			};
			name = Debug;
		};
		0862CD54238DF24500B9872B /* Release */ = {
			isa = XCBuildConfiguration;
			buildSettings = {
				ALWAYS_SEARCH_USER_PATHS = NO;
				CLANG_ANALYZER_NONNULL = YES;
				CLANG_ANALYZER_NUMBER_OBJECT_CONVERSION = YES_AGGRESSIVE;
				CLANG_CXX_LANGUAGE_STANDARD = "gnu++14";
				CLANG_CXX_LIBRARY = "libc++";
				CLANG_ENABLE_MODULES = YES;
				CLANG_ENABLE_OBJC_ARC = YES;
				CLANG_ENABLE_OBJC_WEAK = YES;
				CLANG_WARN_BLOCK_CAPTURE_AUTORELEASING = YES;
				CLANG_WARN_BOOL_CONVERSION = YES;
				CLANG_WARN_COMMA = YES;
				CLANG_WARN_CONSTANT_CONVERSION = YES;
				CLANG_WARN_DEPRECATED_OBJC_IMPLEMENTATIONS = YES;
				CLANG_WARN_DIRECT_OBJC_ISA_USAGE = YES_ERROR;
				CLANG_WARN_DOCUMENTATION_COMMENTS = YES;
				CLANG_WARN_EMPTY_BODY = YES;
				CLANG_WARN_ENUM_CONVERSION = YES;
				CLANG_WARN_INFINITE_RECURSION = YES;
				CLANG_WARN_INT_CONVERSION = YES;
				CLANG_WARN_NON_LITERAL_NULL_CONVERSION = YES;
				CLANG_WARN_OBJC_IMPLICIT_RETAIN_SELF = YES;
				CLANG_WARN_OBJC_LITERAL_CONVERSION = YES;
				CLANG_WARN_OBJC_ROOT_CLASS = YES_ERROR;
				CLANG_WARN_RANGE_LOOP_ANALYSIS = YES;
				CLANG_WARN_STRICT_PROTOTYPES = YES;
				CLANG_WARN_SUSPICIOUS_MOVE = YES;
				CLANG_WARN_UNGUARDED_AVAILABILITY = YES_AGGRESSIVE;
				CLANG_WARN_UNREACHABLE_CODE = YES;
				CLANG_WARN__DUPLICATE_METHOD_MATCH = YES;
				COPY_PHASE_STRIP = NO;
				DEBUG_INFORMATION_FORMAT = "dwarf-with-dsym";
				ENABLE_NS_ASSERTIONS = NO;
				ENABLE_STRICT_OBJC_MSGSEND = YES;
				GCC_C_LANGUAGE_STANDARD = gnu11;
				GCC_NO_COMMON_BLOCKS = YES;
				GCC_WARN_64_TO_32_BIT_CONVERSION = YES;
				GCC_WARN_ABOUT_RETURN_TYPE = YES_ERROR;
				GCC_WARN_UNDECLARED_SELECTOR = YES;
				GCC_WARN_UNINITIALIZED_AUTOS = YES_AGGRESSIVE;
				GCC_WARN_UNUSED_FUNCTION = YES;
				GCC_WARN_UNUSED_VARIABLE = YES;
				IPHONEOS_DEPLOYMENT_TARGET = 13.2;
				MTL_ENABLE_DEBUG_INFO = NO;
				MTL_FAST_MATH = YES;
				SDKROOT = iphoneos;
				SWIFT_COMPILATION_MODE = wholemodule;
				SWIFT_OPTIMIZATION_LEVEL = "-O";
				VALIDATE_PRODUCT = YES;
			};
			name = Release;
		};
		0862CD56238DF24500B9872B /* Debug */ = {
			isa = XCBuildConfiguration;
			baseConfigurationReference = A030C98E2AB122AE904D8E17 /* Pods-taugreentest-ios.debug.xcconfig */;
			buildSettings = {
				ASSETCATALOG_COMPILER_APPICON_NAME = AppIcon;
				CODE_SIGN_STYLE = Automatic;
				DEVELOPMENT_TEAM = WZYJ897GN8;
				INFOPLIST_FILE = "taugreentest-ios/Info.plist";
				LD_RUNPATH_SEARCH_PATHS = (
					"$(inherited)",
					"@executable_path/Frameworks",
				);
				PRODUCT_BUNDLE_IDENTIFIER = "caesar84mx.taugreentest-ios";
				PRODUCT_NAME = "$(TARGET_NAME)";
				SWIFT_VERSION = 5.0;
				TARGETED_DEVICE_FAMILY = "1,2";
			};
			name = Debug;
		};
		0862CD57238DF24500B9872B /* Release */ = {
			isa = XCBuildConfiguration;
			baseConfigurationReference = 14FA37EFA1E5F86C2F212B5B /* Pods-taugreentest-ios.release.xcconfig */;
			buildSettings = {
				ASSETCATALOG_COMPILER_APPICON_NAME = AppIcon;
				CODE_SIGN_STYLE = Automatic;
				DEVELOPMENT_TEAM = WZYJ897GN8;
				INFOPLIST_FILE = "taugreentest-ios/Info.plist";
				LD_RUNPATH_SEARCH_PATHS = (
					"$(inherited)",
					"@executable_path/Frameworks",
				);
				PRODUCT_BUNDLE_IDENTIFIER = "caesar84mx.taugreentest-ios";
				PRODUCT_NAME = "$(TARGET_NAME)";
				SWIFT_VERSION = 5.0;
				TARGETED_DEVICE_FAMILY = "1,2";
			};
			name = Release;
		};
/* End XCBuildConfiguration section */

/* Begin XCConfigurationList section */
		0862CD3C238DF24300B9872B /* Build configuration list for PBXProject "taugreentest-ios" */ = {
			isa = XCConfigurationList;
			buildConfigurations = (
				0862CD53238DF24500B9872B /* Debug */,
				0862CD54238DF24500B9872B /* Release */,
			);
			defaultConfigurationIsVisible = 0;
			defaultConfigurationName = Release;
		};
		0862CD55238DF24500B9872B /* Build configuration list for PBXNativeTarget "taugreentest-ios" */ = {
			isa = XCConfigurationList;
			buildConfigurations = (
				0862CD56238DF24500B9872B /* Debug */,
				0862CD57238DF24500B9872B /* Release */,
			);
			defaultConfigurationIsVisible = 0;
			defaultConfigurationName = Release;
		};
/* End XCConfigurationList section */
	};
	rootObject = 0862CD39238DF24300B9872B /* Project object */;
}
